dependencies:
  esp_lcd_sh8601:
    dependencies: []
    source:
      path: /home/george/Documents/myrepo/lilygo_H741_esp-idf/components/esp_lcd_sh8601
      type: local
    version: 1.0.0
  espressif/cmake_utilities:
    component_hash: 351350613ceafba240b761b4ea991e0f231ac7a9f59a9ee901f751bddc0bb18f
    dependencies:
    - name: idf
      require: private
      version: '>=4.1'
    source:
      registry_url: https://components.espressif.com/
      type: service
    version: 0.5.3
  espressif/esp_lcd_touch:
    dependencies: []
    source:
      path: /home/george/Documents/myrepo/lilygo_H741_esp-idf/components/espressif__esp_lcd_touch
      type: local
    version: 1.1.1
  espressif/esp_lcd_touch_ft5x06:
    dependencies: []
    source:
      path: /home/george/Documents/myrepo/lilygo_H741_esp-idf/components/espressif__esp_lcd_touch_ft5x06
      type: local
    version: 1.0.6
  idf:
    source:
      type: idf
    version: 5.3.1
  lvgl/lvgl:
    dependencies: []
    source:
      path: /home/george/Documents/myrepo/lilygo_H741_esp-idf/components/lvgl__lvgl
      type: local
    version: 8.3.11
direct_dependencies:
- espressif/cmake_utilities
- espressif/esp_lcd_sh8601
- espressif/esp_lcd_touch
- espressif/esp_lcd_touch_ft5x06
- idf
- lvgl/lvgl
manifest_hash: a57a21ffd327169a782f212b6acacb0a1dd091f04b432163933bb43560a8754e
target: esp32s3
version: 2.0.0
